
Microsoft Visual Studio Solution File, Format Version 12.00
# Visual Studio 14
VisualStudioVersion = 14.0.25123.0
MinimumVisualStudioVersion = 10.0.40219.1
Project("{FAE04EC0-301F-11D3-BF4B-00C04F79EFBC}") = "XamarinTasks.App.Droid", "XamarinTasks.App\XamarinTasks.App.Droid\XamarinTasks.App.Droid.csproj", "{78FE275F-E02F-4CD1-A76E-106F8AE1194A}"
EndProject
Project("{FAE04EC0-301F-11D3-BF4B-00C04F79EFBC}") = "XamarinTasks.App.iOS", "XamarinTasks.App\XamarinTasks.App.iOS\XamarinTasks.App.iOS.csproj", "{54BD8077-693B-444E-AA34-BB94A5FCA31B}"
EndProject
Project("{FAE04EC0-301F-11D3-BF4B-00C04F79EFBC}") = "XamarinTasks.App.WinPhone", "XamarinTasks.App\XamarinTasks.App.WinPhone\XamarinTasks.App.WinPhone.csproj", "{A5530A20-000F-411D-B957-6B35408FED2C}"
EndProject
Project("{D954291E-2A0B-460D-934E-DC6B0785DB48}") = "XamarinTasks.App", "XamarinTasks.App\XamarinTasks.App\XamarinTasks.App.shproj", "{B291B3BB-A310-4E46-9071-DFF8DF329DB8}"
EndProject
Global
	GlobalSection(SharedMSBuildProjectFiles) = preSolution
		XamarinTasks.App\XamarinTasks.App\XamarinTasks.App.projitems*{b291b3bb-a310-4e46-9071-dff8df329db8}*SharedItemsImports = 13
	EndGlobalSection
	GlobalSection(SolutionConfigurationPlatforms) = preSolution
		AppStore|Any CPU = AppStore|Any CPU
		AppStore|ARM = AppStore|ARM
		AppStore|iPhone = AppStore|iPhone
		AppStore|iPhoneSimulator = AppStore|iPhoneSimulator
		AppStore|x86 = AppStore|x86
		Debug|Any CPU = Debug|Any CPU
		Debug|ARM = Debug|ARM
		Debug|iPhone = Debug|iPhone
		Debug|iPhoneSimulator = Debug|iPhoneSimulator
		Debug|x86 = Debug|x86
		Release|Any CPU = Release|Any CPU
		Release|ARM = Release|ARM
		Release|iPhone = Release|iPhone
		Release|iPhoneSimulator = Release|iPhoneSimulator
		Release|x86 = Release|x86
	EndGlobalSection
	GlobalSection(ProjectConfigurationPlatforms) = postSolution
		{78FE275F-E02F-4CD1-A76E-106F8AE1194A}.AppStore|Any CPU.ActiveCfg = Release|Any CPU
		{78FE275F-E02F-4CD1-A76E-106F8AE1194A}.AppStore|Any CPU.Build.0 = Release|Any CPU
		{78FE275F-E02F-4CD1-A76E-106F8AE1194A}.AppStore|Any CPU.Deploy.0 = Release|Any CPU
		{78FE275F-E02F-4CD1-A76E-106F8AE1194A}.AppStore|ARM.ActiveCfg = Release|Any CPU
		{78FE275F-E02F-4CD1-A76E-106F8AE1194A}.AppStore|ARM.Build.0 = Release|Any CPU
		{78FE275F-E02F-4CD1-A76E-106F8AE1194A}.AppStore|ARM.Deploy.0 = Release|Any CPU
		{78FE275F-E02F-4CD1-A76E-106F8AE1194A}.AppStore|iPhone.ActiveCfg = Release|Any CPU
		{78FE275F-E02F-4CD1-A76E-106F8AE1194A}.AppStore|iPhone.Build.0 = Release|Any CPU
		{78FE275F-E02F-4CD1-A76E-106F8AE1194A}.AppStore|iPhone.Deploy.0 = Release|Any CPU
		{78FE275F-E02F-4CD1-A76E-106F8AE1194A}.AppStore|iPhoneSimulator.ActiveCfg = Release|Any CPU
		{78FE275F-E02F-4CD1-A76E-106F8AE1194A}.AppStore|iPhoneSimulator.Build.0 = Release|Any CPU
		{78FE275F-E02F-4CD1-A76E-106F8AE1194A}.AppStore|iPhoneSimulator.Deploy.0 = Release|Any CPU
		{78FE275F-E02F-4CD1-A76E-106F8AE1194A}.AppStore|x86.ActiveCfg = Release|Any CPU
		{78FE275F-E02F-4CD1-A76E-106F8AE1194A}.AppStore|x86.Build.0 = Release|Any CPU
		{78FE275F-E02F-4CD1-A76E-106F8AE1194A}.AppStore|x86.Deploy.0 = Release|Any CPU
		{78FE275F-E02F-4CD1-A76E-106F8AE1194A}.Debug|Any CPU.ActiveCfg = Debug|Any CPU
		{78FE275F-E02F-4CD1-A76E-106F8AE1194A}.Debug|Any CPU.Build.0 = Debug|Any CPU
		{78FE275F-E02F-4CD1-A76E-106F8AE1194A}.Debug|Any CPU.Deploy.0 = Debug|Any CPU
		{78FE275F-E02F-4CD1-A76E-106F8AE1194A}.Debug|ARM.ActiveCfg = Debug|Any CPU
		{78FE275F-E02F-4CD1-A76E-106F8AE1194A}.Debug|ARM.Build.0 = Debug|Any CPU
		{78FE275F-E02F-4CD1-A76E-106F8AE1194A}.Debug|ARM.Deploy.0 = Debug|Any CPU
		{78FE275F-E02F-4CD1-A76E-106F8AE1194A}.Debug|iPhone.ActiveCfg = Debug|Any CPU
		{78FE275F-E02F-4CD1-A76E-106F8AE1194A}.Debug|iPhone.Build.0 = Debug|Any CPU
		{78FE275F-E02F-4CD1-A76E-106F8AE1194A}.Debug|iPhone.Deploy.0 = Debug|Any CPU
		{78FE275F-E02F-4CD1-A76E-106F8AE1194A}.Debug|iPhoneSimulator.ActiveCfg = Debug|Any CPU
		{78FE275F-E02F-4CD1-A76E-106F8AE1194A}.Debug|iPhoneSimulator.Build.0 = Debug|Any CPU
		{78FE275F-E02F-4CD1-A76E-106F8AE1194A}.Debug|iPhoneSimulator.Deploy.0 = Debug|Any CPU
		{78FE275F-E02F-4CD1-A76E-106F8AE1194A}.Debug|x86.ActiveCfg = Debug|Any CPU
		{78FE275F-E02F-4CD1-A76E-106F8AE1194A}.Debug|x86.Build.0 = Debug|Any CPU
		{78FE275F-E02F-4CD1-A76E-106F8AE1194A}.Debug|x86.Deploy.0 = Debug|Any CPU
		{78FE275F-E02F-4CD1-A76E-106F8AE1194A}.Release|Any CPU.ActiveCfg = Release|Any CPU
		{78FE275F-E02F-4CD1-A76E-106F8AE1194A}.Release|Any CPU.Build.0 = Release|Any CPU
		{78FE275F-E02F-4CD1-A76E-106F8AE1194A}.Release|Any CPU.Deploy.0 = Release|Any CPU
		{78FE275F-E02F-4CD1-A76E-106F8AE1194A}.Release|ARM.ActiveCfg = Release|Any CPU
		{78FE275F-E02F-4CD1-A76E-106F8AE1194A}.Release|ARM.Build.0 = Release|Any CPU
		{78FE275F-E02F-4CD1-A76E-106F8AE1194A}.Release|ARM.Deploy.0 = Release|Any CPU
		{78FE275F-E02F-4CD1-A76E-106F8AE1194A}.Release|iPhone.ActiveCfg = Release|Any CPU
		{78FE275F-E02F-4CD1-A76E-106F8AE1194A}.Release|iPhone.Build.0 = Release|Any CPU
		{78FE275F-E02F-4CD1-A76E-106F8AE1194A}.Release|iPhone.Deploy.0 = Release|Any CPU
		{78FE275F-E02F-4CD1-A76E-106F8AE1194A}.Release|iPhoneSimulator.ActiveCfg = Release|Any CPU
		{78FE275F-E02F-4CD1-A76E-106F8AE1194A}.Release|iPhoneSimulator.Build.0 = Release|Any CPU
		{78FE275F-E02F-4CD1-A76E-106F8AE1194A}.Release|iPhoneSimulator.Deploy.0 = Release|Any CPU
		{78FE275F-E02F-4CD1-A76E-106F8AE1194A}.Release|x86.ActiveCfg = Release|Any CPU
		{78FE275F-E02F-4CD1-A76E-106F8AE1194A}.Release|x86.Build.0 = Release|Any CPU
		{78FE275F-E02F-4CD1-A76E-106F8AE1194A}.Release|x86.Deploy.0 = Release|Any CPU
		{54BD8077-693B-444E-AA34-BB94A5FCA31B}.AppStore|Any CPU.ActiveCfg = AppStore|iPhone
		{54BD8077-693B-444E-AA34-BB94A5FCA31B}.AppStore|ARM.ActiveCfg = AppStore|iPhone
		{54BD8077-693B-444E-AA34-BB94A5FCA31B}.AppStore|iPhone.ActiveCfg = AppStore|iPhone
		{54BD8077-693B-444E-AA34-BB94A5FCA31B}.AppStore|iPhone.Build.0 = AppStore|iPhone
		{54BD8077-693B-444E-AA34-BB94A5FCA31B}.AppStore|iPhoneSimulator.ActiveCfg = AppStore|iPhoneSimulator
		{54BD8077-693B-444E-AA34-BB94A5FCA31B}.AppStore|iPhoneSimulator.Build.0 = AppStore|iPhoneSimulator
		{54BD8077-693B-444E-AA34-BB94A5FCA31B}.AppStore|x86.ActiveCfg = AppStore|iPhone
		{54BD8077-693B-444E-AA34-BB94A5FCA31B}.Debug|Any CPU.ActiveCfg = Debug|iPhone
		{54BD8077-693B-444E-AA34-BB94A5FCA31B}.Debug|ARM.ActiveCfg = Debug|iPhone
		{54BD8077-693B-444E-AA34-BB94A5FCA31B}.Debug|iPhone.ActiveCfg = Debug|iPhone
		{54BD8077-693B-444E-AA34-BB94A5FCA31B}.Debug|iPhone.Build.0 = Debug|iPhone
		{54BD8077-693B-444E-AA34-BB94A5FCA31B}.Debug|iPhoneSimulator.ActiveCfg = Debug|iPhoneSimulator
		{54BD8077-693B-444E-AA34-BB94A5FCA31B}.Debug|iPhoneSimulator.Build.0 = Debug|iPhoneSimulator
		{54BD8077-693B-444E-AA34-BB94A5FCA31B}.Debug|x86.ActiveCfg = Debug|iPhone
		{54BD8077-693B-444E-AA34-BB94A5FCA31B}.Release|Any CPU.ActiveCfg = Release|iPhone
		{54BD8077-693B-444E-AA34-BB94A5FCA31B}.Release|ARM.ActiveCfg = Release|iPhone
		{54BD8077-693B-444E-AA34-BB94A5FCA31B}.Release|iPhone.ActiveCfg = Release|iPhone
		{54BD8077-693B-444E-AA34-BB94A5FCA31B}.Release|iPhone.Build.0 = Release|iPhone
		{54BD8077-693B-444E-AA34-BB94A5FCA31B}.Release|iPhoneSimulator.ActiveCfg = Release|iPhoneSimulator
		{54BD8077-693B-444E-AA34-BB94A5FCA31B}.Release|iPhoneSimulator.Build.0 = Release|iPhoneSimulator
		{54BD8077-693B-444E-AA34-BB94A5FCA31B}.Release|x86.ActiveCfg = Release|iPhone
		{A5530A20-000F-411D-B957-6B35408FED2C}.AppStore|Any CPU.ActiveCfg = Release|Any CPU
		{A5530A20-000F-411D-B957-6B35408FED2C}.AppStore|Any CPU.Build.0 = Release|Any CPU
		{A5530A20-000F-411D-B957-6B35408FED2C}.AppStore|Any CPU.Deploy.0 = Release|Any CPU
		{A5530A20-000F-411D-B957-6B35408FED2C}.AppStore|ARM.ActiveCfg = Release|ARM
		{A5530A20-000F-411D-B957-6B35408FED2C}.AppStore|ARM.Build.0 = Release|ARM
		{A5530A20-000F-411D-B957-6B35408FED2C}.AppStore|ARM.Deploy.0 = Release|ARM
		{A5530A20-000F-411D-B957-6B35408FED2C}.AppStore|iPhone.ActiveCfg = Release|Any CPU
		{A5530A20-000F-411D-B957-6B35408FED2C}.AppStore|iPhone.Build.0 = Release|Any CPU
		{A5530A20-000F-411D-B957-6B35408FED2C}.AppStore|iPhone.Deploy.0 = Release|Any CPU
		{A5530A20-000F-411D-B957-6B35408FED2C}.AppStore|iPhoneSimulator.ActiveCfg = Release|Any CPU
		{A5530A20-000F-411D-B957-6B35408FED2C}.AppStore|iPhoneSimulator.Build.0 = Release|Any CPU
		{A5530A20-000F-411D-B957-6B35408FED2C}.AppStore|iPhoneSimulator.Deploy.0 = Release|Any CPU
		{A5530A20-000F-411D-B957-6B35408FED2C}.AppStore|x86.ActiveCfg = Release|x86
		{A5530A20-000F-411D-B957-6B35408FED2C}.AppStore|x86.Build.0 = Release|x86
		{A5530A20-000F-411D-B957-6B35408FED2C}.AppStore|x86.Deploy.0 = Release|x86
		{A5530A20-000F-411D-B957-6B35408FED2C}.Debug|Any CPU.ActiveCfg = Debug|Any CPU
		{A5530A20-000F-411D-B957-6B35408FED2C}.Debug|Any CPU.Build.0 = Debug|Any CPU
		{A5530A20-000F-411D-B957-6B35408FED2C}.Debug|Any CPU.Deploy.0 = Debug|Any CPU
		{A5530A20-000F-411D-B957-6B35408FED2C}.Debug|ARM.ActiveCfg = Debug|ARM
		{A5530A20-000F-411D-B957-6B35408FED2C}.Debug|ARM.Build.0 = Debug|ARM
		{A5530A20-000F-411D-B957-6B35408FED2C}.Debug|ARM.Deploy.0 = Debug|ARM
		{A5530A20-000F-411D-B957-6B35408FED2C}.Debug|iPhone.ActiveCfg = Debug|Any CPU
		{A5530A20-000F-411D-B957-6B35408FED2C}.Debug|iPhone.Build.0 = Debug|Any CPU
		{A5530A20-000F-411D-B957-6B35408FED2C}.Debug|iPhone.Deploy.0 = Debug|Any CPU
		{A5530A20-000F-411D-B957-6B35408FED2C}.Debug|iPhoneSimulator.ActiveCfg = Debug|Any CPU
		{A5530A20-000F-411D-B957-6B35408FED2C}.Debug|iPhoneSimulator.Build.0 = Debug|Any CPU
		{A5530A20-000F-411D-B957-6B35408FED2C}.Debug|iPhoneSimulator.Deploy.0 = Debug|Any CPU
		{A5530A20-000F-411D-B957-6B35408FED2C}.Debug|x86.ActiveCfg = Debug|x86
		{A5530A20-000F-411D-B957-6B35408FED2C}.Debug|x86.Build.0 = Debug|x86
		{A5530A20-000F-411D-B957-6B35408FED2C}.Debug|x86.Deploy.0 = Debug|x86
		{A5530A20-000F-411D-B957-6B35408FED2C}.Release|Any CPU.ActiveCfg = Release|Any CPU
		{A5530A20-000F-411D-B957-6B35408FED2C}.Release|Any CPU.Build.0 = Release|Any CPU
		{A5530A20-000F-411D-B957-6B35408FED2C}.Release|Any CPU.Deploy.0 = Release|Any CPU
		{A5530A20-000F-411D-B957-6B35408FED2C}.Release|ARM.ActiveCfg = Release|ARM
		{A5530A20-000F-411D-B957-6B35408FED2C}.Release|ARM.Build.0 = Release|ARM
		{A5530A20-000F-411D-B957-6B35408FED2C}.Release|ARM.Deploy.0 = Release|ARM
		{A5530A20-000F-411D-B957-6B35408FED2C}.Release|iPhone.ActiveCfg = Release|Any CPU
		{A5530A20-000F-411D-B957-6B35408FED2C}.Release|iPhone.Build.0 = Release|Any CPU
		{A5530A20-000F-411D-B957-6B35408FED2C}.Release|iPhone.Deploy.0 = Release|Any CPU
		{A5530A20-000F-411D-B957-6B35408FED2C}.Release|iPhoneSimulator.ActiveCfg = Release|Any CPU
		{A5530A20-000F-411D-B957-6B35408FED2C}.Release|iPhoneSimulator.Build.0 = Release|Any CPU
		{A5530A20-000F-411D-B957-6B35408FED2C}.Release|iPhoneSimulator.Deploy.0 = Release|Any CPU
		{A5530A20-000F-411D-B957-6B35408FED2C}.Release|x86.ActiveCfg = Release|x86
		{A5530A20-000F-411D-B957-6B35408FED2C}.Release|x86.Build.0 = Release|x86
		{A5530A20-000F-411D-B957-6B35408FED2C}.Release|x86.Deploy.0 = Release|x86
	EndGlobalSection
	GlobalSection(SolutionProperties) = preSolution
		HideSolutionNode = FALSE
	EndGlobalSection
EndGlobal
